
Microsoft Visual Studio Solution File, Format Version 12.00
# Visual Studio Version 16
VisualStudioVersion = 16.0.30907.101
MinimumVisualStudioVersion = 10.0.40219.1
Project("{9A19103F-16F7-4668-BE54-9A1E7A4F7556}") = "TennisClub", "TennisClub.csproj", "{ABDC3ECC-8D9D-4C8C-BB83-681A670A7708}"
EndProject
Global
	GlobalSection(SolutionConfigurationPlatforms) = preSolution
		Debug|Any CPU = Debug|Any CPU
		Release|Any CPU = Release|Any CPU
	EndGlobalSection
	GlobalSection(ProjectConfigurationPlatforms) = postSolution
		{ABDC3ECC-8D9D-4C8C-BB83-681A670A7708}.Debug|Any CPU.ActiveCfg = Debug|Any CPU
		{ABDC3ECC-8D9D-4C8C-BB83-681A670A7708}.Debug|Any CPU.Build.0 = Debug|Any CPU
		{ABDC3ECC-8D9D-4C8C-BB83-681A670A7708}.Release|Any CPU.ActiveCfg = Release|Any CPU
		{ABDC3ECC-8D9D-4C8C-BB83-681A670A7708}.Release|Any CPU.Build.0 = Release|Any CPU
	EndGlobalSection
	GlobalSection(SolutionProperties) = preSolution
		HideSolutionNode = FALSE
	EndGlobalSection
	GlobalSection(ExtensibilityGlobals) = postSolution
		SolutionGuid = {C5FF481A-5DCC-4198-B11F-4B4FBD23728C}
	EndGlobalSection
EndGlobal
